
Microsoft Visual Studio Solution File, Format Version 12.00
# Visual Studio Version 17
VisualStudioVersion = 17.3.32929.385
MinimumVisualStudioVersion = 10.0.40219.1
Project("{FAE04EC0-301F-11D3-BF4B-00C04F79EFBC}") = "CoreTest", "CoreTest\CoreTest.csproj", "{2CE1D9F5-474B-4680-B061-C63F95D40A7F}"
EndProject
Global
	GlobalSection(SolutionConfigurationPlatforms) = preSolution
		Debug|Any CPU = Debug|Any CPU
		Release|Any CPU = Release|Any CPU
	EndGlobalSection
	GlobalSection(ProjectConfigurationPlatforms) = postSolution
		{2CE1D9F5-474B-4680-B061-C63F95D40A7F}.Debug|Any CPU.ActiveCfg = Debug|Any CPU
		{2CE1D9F5-474B-4680-B061-C63F95D40A7F}.Debug|Any CPU.Build.0 = Debug|Any CPU
		{2CE1D9F5-474B-4680-B061-C63F95D40A7F}.Release|Any CPU.ActiveCfg = Release|Any CPU
		{2CE1D9F5-474B-4680-B061-C63F95D40A7F}.Release|Any CPU.Build.0 = Release|Any CPU
	EndGlobalSection
	GlobalSection(SolutionProperties) = preSolution
		HideSolutionNode = FALSE
	EndGlobalSection
	GlobalSection(ExtensibilityGlobals) = postSolution
		SolutionGuid = {D6D6D821-7C6A-4A27-8CD9-5B306ABD5DA2}
	EndGlobalSection
EndGlobal
